# THIS IS AN AUTOGENERATED FILE. DO NOT EDIT THIS FILE DIRECTLY.
# yarn lockfile v1


"@tsconfig/node16@^1.0.2":
  version "1.0.2"
  resolved "https://registry.yarnpkg.com/@tsconfig/node16/-/node16-1.0.2.tgz#423c77877d0569db20e1fc80885ac4118314010e"
  integrity sha512-eZxlbI8GZscaGS7kkc/trHTT5xgrjH3/1n2JDwusC9iahPKWMRvRjJSAN5mCXviuTGQ/lHnhvv8Q1YTpnfz9gA==

"@types/node@^17.0.16":
  version "17.0.22"
  resolved "https://registry.yarnpkg.com/@types/node/-/node-17.0.22.tgz#38b6c4b9b2f3ed9f2e376cce42a298fb2375251e"
  integrity sha512-8FwbVoG4fy+ykY86XCAclKZDORttqE5/s7dyWZKLXTdv3vRy5HozBEinG5IqhvPXXzIZEcTVbuHlQEI6iuwcmw==

js-easing-functions@^1.0.3:
  version "1.0.3"
  resolved "https://registry.yarnpkg.com/js-easing-functions/-/js-easing-functions-1.0.3.tgz#01bcf4d4779994a55e3d7790ba755ef7872ba629"
  integrity sha512-skDTLPuwWvAVYQVPwmjcFuCv8i8jtVD4L4FELxICwbS1HWFhs+627vOdDhQUGJMe9os6QO2XgEI4qb5umiUQFg==

swifter_remapper@^1.0.5:
  version "1.0.5"
  resolved "https://registry.yarnpkg.com/swifter_remapper/-/swifter_remapper-1.0.5.tgz#b21c578ba996f09ebfa009d916f5bcd95e9b098c"
  integrity sha512-AHY33S+hpelNVQk3HkygZcFJOgaST3T+Md6Zt6gaso3STCxzpebUzA6J+D2nIKrz6mNF8O1cdWTDK3wScqT59A==
  dependencies:
    js-easing-functions "^1.0.3"
    three "^0.136.0"

three@^0.136.0:
  version "0.136.0"
  resolved "https://registry.yarnpkg.com/three/-/three-0.136.0.tgz#b1504db021b46398ef468aa7849f3dcabb814f50"
  integrity sha512-+fEMX7nYLz2ZesVP/dyifli5Jf8gR3XPAnFJveQ80aMhibFduzrADnjMbARXh8+W9qLK7rshJCjAIL/6cDxC+A==

typescript@^4.6.2:
  version "4.6.2"
  resolved "https://registry.yarnpkg.com/typescript/-/typescript-4.6.2.tgz#fe12d2727b708f4eef40f51598b3398baa9611d4"
  integrity sha512-HM/hFigTBHZhLXshn9sN37H085+hQGeJHJ/X7LpBWLID/fbc2acUMfU+lGD98X81sKP+pFa9f0DZmCwB9GnbAg==
