# THIS IS AN AUTOGENERATED FILE. DO NOT EDIT THIS FILE DIRECTLY.
# yarn lockfile v1


"@tsconfig/node16@^1.0.2":
  "integrity" "sha512-eZxlbI8GZscaGS7kkc/trHTT5xgrjH3/1n2JDwusC9iahPKWMRvRjJSAN5mCXviuTGQ/lHnhvv8Q1YTpnfz9gA=="
  "resolved" "https://registry.npmjs.org/@tsconfig/node16/-/node16-1.0.2.tgz"
  "version" "1.0.2"

"@types/node@^17.0.16":
  "integrity" "sha512-DBZCJbhII3r90XbQxI8Y9IjjiiOGlZ0Hr32omXIZvwwZ7p4DMMXGrKXVyPfuoBOri9XNtL0UK69jYIBIsRX3QQ=="
  "resolved" "https://registry.npmjs.org/@types/node/-/node-17.0.21.tgz"
  "version" "17.0.21"

"js-easing-functions@^1.0.3":
  "integrity" "sha512-skDTLPuwWvAVYQVPwmjcFuCv8i8jtVD4L4FELxICwbS1HWFhs+627vOdDhQUGJMe9os6QO2XgEI4qb5umiUQFg=="
  "resolved" "https://registry.npmjs.org/js-easing-functions/-/js-easing-functions-1.0.3.tgz"
  "version" "1.0.3"

"swifter_remapper@^1.0.5":
  "integrity" "sha512-AHY33S+hpelNVQk3HkygZcFJOgaST3T+Md6Zt6gaso3STCxzpebUzA6J+D2nIKrz6mNF8O1cdWTDK3wScqT59A=="
  "resolved" "https://registry.npmjs.org/swifter_remapper/-/swifter_remapper-1.0.5.tgz"
  "version" "1.0.5"
  dependencies:
    "js-easing-functions" "^1.0.3"
    "three" "^0.136.0"

"three@^0.136.0":
  "integrity" "sha512-+fEMX7nYLz2ZesVP/dyifli5Jf8gR3XPAnFJveQ80aMhibFduzrADnjMbARXh8+W9qLK7rshJCjAIL/6cDxC+A=="
  "resolved" "https://registry.npmjs.org/three/-/three-0.136.0.tgz"
  "version" "0.136.0"

"typescript@^4.6.2":
  "integrity" "sha512-HM/hFigTBHZhLXshn9sN37H085+hQGeJHJ/X7LpBWLID/fbc2acUMfU+lGD98X81sKP+pFa9f0DZmCwB9GnbAg=="
  "resolved" "https://registry.npmjs.org/typescript/-/typescript-4.6.2.tgz"
  "version" "4.6.2"
